
Microsoft Visual Studio Solution File, Format Version 12.00
# Visual Studio Version 17
VisualStudioVersion = 17.11.35327.3
MinimumVisualStudioVersion = 10.0.40219.1
Project("{FAE04EC0-301F-11D3-BF4B-00C04F79EFBC}") = "TradingBot.Core", "TradingBot\TradingBot.Core.csproj", "{8A25E7F4-1EA8-498F-9DD1-5D6768A88598}"
EndProject
Project("{FAE04EC0-301F-11D3-BF4B-00C04F79EFBC}") = "TradingBot.Domain", "TradingBot.Domain\TradingBot.Domain.csproj", "{93F56813-1279-40BA-BC46-03C012D0DD6A}"
EndProject
Project("{FAE04EC0-301F-11D3-BF4B-00C04F79EFBC}") = "TradingBot.Application", "TradingBot.Application\TradingBot.Application.csproj", "{1596B9EA-5A00-4D2B-815A-782A98B60154}"
EndProject
Project("{FAE04EC0-301F-11D3-BF4B-00C04F79EFBC}") = "TradingBot.Persistence", "Persistence\TradingBot.Persistence.csproj", "{8C3A53CD-8E74-4C53-863E-B3D53E5D4DE1}"
EndProject
Global
	GlobalSection(SolutionConfigurationPlatforms) = preSolution
		Debug|Any CPU = Debug|Any CPU
		Release|Any CPU = Release|Any CPU
	EndGlobalSection
	GlobalSection(ProjectConfigurationPlatforms) = postSolution
		{8A25E7F4-1EA8-498F-9DD1-5D6768A88598}.Debug|Any CPU.ActiveCfg = Debug|Any CPU
		{8A25E7F4-1EA8-498F-9DD1-5D6768A88598}.Debug|Any CPU.Build.0 = Debug|Any CPU
		{8A25E7F4-1EA8-498F-9DD1-5D6768A88598}.Release|Any CPU.ActiveCfg = Release|Any CPU
		{8A25E7F4-1EA8-498F-9DD1-5D6768A88598}.Release|Any CPU.Build.0 = Release|Any CPU
		{93F56813-1279-40BA-BC46-03C012D0DD6A}.Debug|Any CPU.ActiveCfg = Debug|Any CPU
		{93F56813-1279-40BA-BC46-03C012D0DD6A}.Debug|Any CPU.Build.0 = Debug|Any CPU
		{93F56813-1279-40BA-BC46-03C012D0DD6A}.Release|Any CPU.ActiveCfg = Release|Any CPU
		{93F56813-1279-40BA-BC46-03C012D0DD6A}.Release|Any CPU.Build.0 = Release|Any CPU
		{1596B9EA-5A00-4D2B-815A-782A98B60154}.Debug|Any CPU.ActiveCfg = Debug|Any CPU
		{1596B9EA-5A00-4D2B-815A-782A98B60154}.Debug|Any CPU.Build.0 = Debug|Any CPU
		{1596B9EA-5A00-4D2B-815A-782A98B60154}.Release|Any CPU.ActiveCfg = Release|Any CPU
		{1596B9EA-5A00-4D2B-815A-782A98B60154}.Release|Any CPU.Build.0 = Release|Any CPU
		{8C3A53CD-8E74-4C53-863E-B3D53E5D4DE1}.Debug|Any CPU.ActiveCfg = Debug|Any CPU
		{8C3A53CD-8E74-4C53-863E-B3D53E5D4DE1}.Debug|Any CPU.Build.0 = Debug|Any CPU
		{8C3A53CD-8E74-4C53-863E-B3D53E5D4DE1}.Release|Any CPU.ActiveCfg = Release|Any CPU
		{8C3A53CD-8E74-4C53-863E-B3D53E5D4DE1}.Release|Any CPU.Build.0 = Release|Any CPU
	EndGlobalSection
	GlobalSection(SolutionProperties) = preSolution
		HideSolutionNode = FALSE
	EndGlobalSection
	GlobalSection(ExtensibilityGlobals) = postSolution
		SolutionGuid = {C3161954-F191-4B18-99BC-103DCEA9CA5D}
	EndGlobalSection
EndGlobal
